
Microsoft Visual Studio Solution File, Format Version 12.00
# Visual Studio Version 16
VisualStudioVersion = 16.0.30611.23
MinimumVisualStudioVersion = 10.0.40219.1
Project("{FAE04EC0-301F-11D3-BF4B-00C04F79EFBC}") = "Tower_Of_Hanoi_DMProject", "Tower_Of_Hanoi_DMProject.csproj", "{875465B5-3697-4C65-A526-DC6E176CD8F0}"
EndProject
Global
	GlobalSection(SolutionConfigurationPlatforms) = preSolution
		Debug|Any CPU = Debug|Any CPU
		Release|Any CPU = Release|Any CPU
	EndGlobalSection
	GlobalSection(ProjectConfigurationPlatforms) = postSolution
		{875465B5-3697-4C65-A526-DC6E176CD8F0}.Debug|Any CPU.ActiveCfg = Debug|Any CPU
		{875465B5-3697-4C65-A526-DC6E176CD8F0}.Debug|Any CPU.Build.0 = Debug|Any CPU
		{875465B5-3697-4C65-A526-DC6E176CD8F0}.Release|Any CPU.ActiveCfg = Release|Any CPU
		{875465B5-3697-4C65-A526-DC6E176CD8F0}.Release|Any CPU.Build.0 = Release|Any CPU
	EndGlobalSection
	GlobalSection(SolutionProperties) = preSolution
		HideSolutionNode = FALSE
	EndGlobalSection
	GlobalSection(ExtensibilityGlobals) = postSolution
		SolutionGuid = {18DB4BE2-4B50-4473-B93C-006D519962ED}
	EndGlobalSection
EndGlobal
